// !$*UTF8*$!
{
	archiveVersion = 1;
	classes = {
	};
	objectVersion = 50;
	objects = {

/* Begin PBXBuildFile section */
		52023DCF2595F82E008CD560 /* ConnectingViewController.swift in Sources */ = {isa = PBXBuildFile; fileRef = 52023DCE2595F82E008CD560 /* ConnectingViewController.swift */; };
		52023DD32596157F008CD560 /* LightsViewController.swift in Sources */ = {isa = PBXBuildFile; fileRef = 52023DD22596157F008CD560 /* LightsViewController.swift */; };
		52BBF677257EEF54001858AB /* AppDelegate.swift in Sources */ = {isa = PBXBuildFile; fileRef = 52BBF676257EEF54001858AB /* AppDelegate.swift */; };
		52BBF679257EEF54001858AB /* SceneDelegate.swift in Sources */ = {isa = PBXBuildFile; fileRef = 52BBF678257EEF54001858AB /* SceneDelegate.swift */; };
		52BBF67B257EEF54001858AB /* MainViewController.swift in Sources */ = {isa = PBXBuildFile; fileRef = 52BBF67A257EEF54001858AB /* MainViewController.swift */; };
		52BBF67E257EEF54001858AB /* Main.storyboard in Resources */ = {isa = PBXBuildFile; fileRef = 52BBF67C257EEF54001858AB /* Main.storyboard */; };
		52BBF683257EEF55001858AB /* LaunchScreen.storyboard in Resources */ = {isa = PBXBuildFile; fileRef = 52BBF681257EEF55001858AB /* LaunchScreen.storyboard */; };
		52BBF695257F1340001858AB /* SteeringJoystick.swift in Sources */ = {isa = PBXBuildFile; fileRef = 52BBF694257F1340001858AB /* SteeringJoystick.swift */; };
		52C78841259418EC00083F69 /* Assets.xcassets in Resources */ = {isa = PBXBuildFile; fileRef = 52C7883F259418EB00083F69 /* Assets.xcassets */; };
		52C78842259418EC00083F69 /* AccelerationJoystick.swift in Sources */ = {isa = PBXBuildFile; fileRef = 52C78840259418EB00083F69 /* AccelerationJoystick.swift */; };
		52C7884525941BE300083F69 /* BluetoothCommunication.swift in Sources */ = {isa = PBXBuildFile; fileRef = 52C7884425941BE300083F69 /* BluetoothCommunication.swift */; };
		52C7884D259426BC00083F69 /* BluetoothCommands.swift in Sources */ = {isa = PBXBuildFile; fileRef = 52C7884C259426BC00083F69 /* BluetoothCommands.swift */; };
		52C788502594295D00083F69 /* CommandExecutor.swift in Sources */ = {isa = PBXBuildFile; fileRef = 52C7884F2594295D00083F69 /* CommandExecutor.swift */; };
		52E8FFB12580C24000CBC5EF /* BluetoothCommunication+Extension.swift in Sources */ = {isa = PBXBuildFile; fileRef = 52E8FFB02580C24000CBC5EF /* BluetoothCommunication+Extension.swift */; };
/* End PBXBuildFile section */

/* Begin PBXFileReference section */
		52023DCE2595F82E008CD560 /* ConnectingViewController.swift */ = {isa = PBXFileReference; lastKnownFileType = sourcecode.swift; path = ConnectingViewController.swift; sourceTree = "<group>"; };
		52023DD22596157F008CD560 /* LightsViewController.swift */ = {isa = PBXFileReference; lastKnownFileType = sourcecode.swift; path = LightsViewController.swift; sourceTree = "<group>"; };
		52BBF673257EEF54001858AB /* Car Controller.app */ = {isa = PBXFileReference; explicitFileType = wrapper.application; includeInIndex = 0; path = "Car Controller.app"; sourceTree = BUILT_PRODUCTS_DIR; };
		52BBF676257EEF54001858AB /* AppDelegate.swift */ = {isa = PBXFileReference; lastKnownFileType = sourcecode.swift; path = AppDelegate.swift; sourceTree = "<group>"; };
		52BBF678257EEF54001858AB /* SceneDelegate.swift */ = {isa = PBXFileReference; lastKnownFileType = sourcecode.swift; path = SceneDelegate.swift; sourceTree = "<group>"; };
		52BBF67A257EEF54001858AB /* MainViewController.swift */ = {isa = PBXFileReference; lastKnownFileType = sourcecode.swift; path = MainViewController.swift; sourceTree = "<group>"; };
		52BBF67D257EEF54001858AB /* Base */ = {isa = PBXFileReference; lastKnownFileType = file.storyboard; name = Base; path = Base.lproj/Main.storyboard; sourceTree = "<group>"; };
		52BBF682257EEF55001858AB /* Base */ = {isa = PBXFileReference; lastKnownFileType = file.storyboard; name = Base; path = Base.lproj/LaunchScreen.storyboard; sourceTree = "<group>"; };
		52BBF684257EEF55001858AB /* Info.plist */ = {isa = PBXFileReference; lastKnownFileType = text.plist.xml; path = Info.plist; sourceTree = "<group>"; };
		52BBF694257F1340001858AB /* SteeringJoystick.swift */ = {isa = PBXFileReference; lastKnownFileType = sourcecode.swift; path = SteeringJoystick.swift; sourceTree = "<group>"; };
		52C7883F259418EB00083F69 /* Assets.xcassets */ = {isa = PBXFileReference; lastKnownFileType = folder.assetcatalog; path = Assets.xcassets; sourceTree = "<group>"; };
		52C78840259418EB00083F69 /* AccelerationJoystick.swift */ = {isa = PBXFileReference; fileEncoding = 4; lastKnownFileType = sourcecode.swift; path = AccelerationJoystick.swift; sourceTree = "<group>"; };
		52C7884425941BE300083F69 /* BluetoothCommunication.swift */ = {isa = PBXFileReference; lastKnownFileType = sourcecode.swift; path = BluetoothCommunication.swift; sourceTree = "<group>"; };
		52C7884C259426BC00083F69 /* BluetoothCommands.swift */ = {isa = PBXFileReference; lastKnownFileType = sourcecode.swift; path = BluetoothCommands.swift; sourceTree = "<group>"; };
		52C7884F2594295D00083F69 /* CommandExecutor.swift */ = {isa = PBXFileReference; lastKnownFileType = sourcecode.swift; path = CommandExecutor.swift; sourceTree = "<group>"; };
		52E8FFB02580C24000CBC5EF /* BluetoothCommunication+Extension.swift */ = {isa = PBXFileReference; lastKnownFileType = sourcecode.swift; path = "BluetoothCommunication+Extension.swift"; sourceTree = "<group>"; };
/* End PBXFileReference section */

/* Begin PBXFrameworksBuildPhase section */
		52BBF670257EEF54001858AB /* Frameworks */ = {
			isa = PBXFrameworksBuildPhase;
			buildActionMask = 2147483647;
			files = (
			);
			runOnlyForDeploymentPostprocessing = 0;
		};
/* End PBXFrameworksBuildPhase section */

/* Begin PBXGroup section */
		52BBF66A257EEF54001858AB = {
			isa = PBXGroup;
			children = (
				52BBF675257EEF54001858AB /* Car Controller */,
				52BBF674257EEF54001858AB /* Products */,
			);
			sourceTree = "<group>";
		};
		52BBF674257EEF54001858AB /* Products */ = {
			isa = PBXGroup;
			children = (
				52BBF673257EEF54001858AB /* Car Controller.app */,
			);
			name = Products;
			sourceTree = "<group>";
		};
		52BBF675257EEF54001858AB /* Car Controller */ = {
			isa = PBXGroup;
			children = (
				52C7885725942A4400083F69 /* Storyboards */,
				52C7885625942A3800083F69 /* Others */,
				52C78854259429F500083F69 /* ViewControllers */,
				52C78852259429E400083F69 /* Model */,
				52C7883F259418EB00083F69 /* Assets.xcassets */,
				52BBF684257EEF55001858AB /* Info.plist */,
			);
			path = "Car Controller";
			sourceTree = "<group>";
		};
		52C78852259429E400083F69 /* Model */ = {
			isa = PBXGroup;
			children = (
				52C78840259418EB00083F69 /* AccelerationJoystick.swift */,
				52BBF694257F1340001858AB /* SteeringJoystick.swift */,
				52E8FFB02580C24000CBC5EF /* BluetoothCommunication+Extension.swift */,
				52C7884425941BE300083F69 /* BluetoothCommunication.swift */,
				52C7884C259426BC00083F69 /* BluetoothCommands.swift */,
				52C7884F2594295D00083F69 /* CommandExecutor.swift */,
			);
			path = Model;
			sourceTree = "<group>";
		};
		52C78854259429F500083F69 /* ViewControllers */ = {
			isa = PBXGroup;
			children = (
				52BBF67A257EEF54001858AB /* MainViewController.swift */,
				52023DCE2595F82E008CD560 /* ConnectingViewController.swift */,
				52023DD22596157F008CD560 /* LightsViewController.swift */,
			);
			path = ViewControllers;
			sourceTree = "<group>";
		};
		52C7885625942A3800083F69 /* Others */ = {
			isa = PBXGroup;
			children = (
				52BBF676257EEF54001858AB /* AppDelegate.swift */,
				52BBF678257EEF54001858AB /* SceneDelegate.swift */,
			);
			path = Others;
			sourceTree = "<group>";
		};
		52C7885725942A4400083F69 /* Storyboards */ = {
			isa = PBXGroup;
			children = (
				52BBF67C257EEF54001858AB /* Main.storyboard */,
				52BBF681257EEF55001858AB /* LaunchScreen.storyboard */,
			);
			path = Storyboards;
			sourceTree = "<group>";
		};
/* End PBXGroup section */

/* Begin PBXNativeTarget section */
		52BBF672257EEF54001858AB /* Car Controller */ = {
			isa = PBXNativeTarget;
			buildConfigurationList = 52BBF687257EEF55001858AB /* Build configuration list for PBXNativeTarget "Car Controller" */;
			buildPhases = (
				52BBF66F257EEF54001858AB /* Sources */,
				52BBF670257EEF54001858AB /* Frameworks */,
				52BBF671257EEF54001858AB /* Resources */,
			);
			buildRules = (
			);
			dependencies = (
			);
			name = "Car Controller";
			productName = "Car Controller";
			productReference = 52BBF673257EEF54001858AB /* Car Controller.app */;
			productType = "com.apple.product-type.application";
		};
/* End PBXNativeTarget section */

/* Begin PBXProject section */
		52BBF66B257EEF54001858AB /* Project object */ = {
			isa = PBXProject;
			attributes = {
				LastSwiftUpdateCheck = 1210;
				LastUpgradeCheck = 1210;
				TargetAttributes = {
					52BBF672257EEF54001858AB = {
						CreatedOnToolsVersion = 12.1;
					};
				};
			};
			buildConfigurationList = 52BBF66E257EEF54001858AB /* Build configuration list for PBXProject "Car Controller" */;
			compatibilityVersion = "Xcode 9.3";
			developmentRegion = en;
			hasScannedForEncodings = 0;
			knownRegions = (
				en,
				Base,
			);
			mainGroup = 52BBF66A257EEF54001858AB;
			productRefGroup = 52BBF674257EEF54001858AB /* Products */;
			projectDirPath = "";
			projectRoot = "";
			targets = (
				52BBF672257EEF54001858AB /* Car Controller */,
			);
		};
/* End PBXProject section */

/* Begin PBXResourcesBuildPhase section */
		52BBF671257EEF54001858AB /* Resources */ = {
			isa = PBXResourcesBuildPhase;
			buildActionMask = 2147483647;
			files = (
				52BBF683257EEF55001858AB /* LaunchScreen.storyboard in Resources */,
				52C78841259418EC00083F69 /* Assets.xcassets in Resources */,
				52BBF67E257EEF54001858AB /* Main.storyboard in Resources */,
			);
			runOnlyForDeploymentPostprocessing = 0;
		};
/* End PBXResourcesBuildPhase section */

/* Begin PBXSourcesBuildPhase section */
		52BBF66F257EEF54001858AB /* Sources */ = {
			isa = PBXSourcesBuildPhase;
			buildActionMask = 2147483647;
			files = (
				52023DD32596157F008CD560 /* LightsViewController.swift in Sources */,
				52BBF695257F1340001858AB /* SteeringJoystick.swift in Sources */,
				52BBF67B257EEF54001858AB /* MainViewController.swift in Sources */,
				52C7884D259426BC00083F69 /* BluetoothCommands.swift in Sources */,
				52BBF677257EEF54001858AB /* AppDelegate.swift in Sources */,
				52023DCF2595F82E008CD560 /* ConnectingViewController.swift in Sources */,
				52C7884525941BE300083F69 /* BluetoothCommunication.swift in Sources */,
				52C78842259418EC00083F69 /* AccelerationJoystick.swift in Sources */,
				52E8FFB12580C24000CBC5EF /* BluetoothCommunication+Extension.swift in Sources */,
				52BBF679257EEF54001858AB /* SceneDelegate.swift in Sources */,
				52C788502594295D00083F69 /* CommandExecutor.swift in Sources */,
			);
			runOnlyForDeploymentPostprocessing = 0;
		};
/* End PBXSourcesBuildPhase section */

/* Begin PBXVariantGroup section */
		52BBF67C257EEF54001858AB /* Main.storyboard */ = {
			isa = PBXVariantGroup;
			children = (
				52BBF67D257EEF54001858AB /* Base */,
			);
			name = Main.storyboard;
			sourceTree = "<group>";
		};
		52BBF681257EEF55001858AB /* LaunchScreen.storyboard */ = {
			isa = PBXVariantGroup;
			children = (
				52BBF682257EEF55001858AB /* Base */,
			);
			name = LaunchScreen.storyboard;
			sourceTree = "<group>";
		};
/* End PBXVariantGroup section */

/* Begin XCBuildConfiguration section */
		52BBF685257EEF55001858AB /* Debug */ = {
			isa = XCBuildConfiguration;
			buildSettings = {
				ALWAYS_SEARCH_USER_PATHS = NO;
				CLANG_ANALYZER_NONNULL = YES;
				CLANG_ANALYZER_NUMBER_OBJECT_CONVERSION = YES_AGGRESSIVE;
				CLANG_CXX_LANGUAGE_STANDARD = "gnu++14";
				CLANG_CXX_LIBRARY = "libc++";
				CLANG_ENABLE_MODULES = YES;
				CLANG_ENABLE_OBJC_ARC = YES;
				CLANG_ENABLE_OBJC_WEAK = YES;
				CLANG_WARN_BLOCK_CAPTURE_AUTORELEASING = YES;
				CLANG_WARN_BOOL_CONVERSION = YES;
				CLANG_WARN_COMMA = YES;
				CLANG_WARN_CONSTANT_CONVERSION = YES;
				CLANG_WARN_DEPRECATED_OBJC_IMPLEMENTATIONS = YES;
				CLANG_WARN_DIRECT_OBJC_ISA_USAGE = YES_ERROR;
				CLANG_WARN_DOCUMENTATION_COMMENTS = YES;
				CLANG_WARN_EMPTY_BODY = YES;
				CLANG_WARN_ENUM_CONVERSION = YES;
				CLANG_WARN_INFINITE_RECURSION = YES;
				CLANG_WARN_INT_CONVERSION = YES;
				CLANG_WARN_NON_LITERAL_NULL_CONVERSION = YES;
				CLANG_WARN_OBJC_IMPLICIT_RETAIN_SELF = YES;
				CLANG_WARN_OBJC_LITERAL_CONVERSION = YES;
				CLANG_WARN_OBJC_ROOT_CLASS = YES_ERROR;
				CLANG_WARN_QUOTED_INCLUDE_IN_FRAMEWORK_HEADER = YES;
				CLANG_WARN_RANGE_LOOP_ANALYSIS = YES;
				CLANG_WARN_STRICT_PROTOTYPES = YES;
				CLANG_WARN_SUSPICIOUS_MOVE = YES;
				CLANG_WARN_UNGUARDED_AVAILABILITY = YES_AGGRESSIVE;
				CLANG_WARN_UNREACHABLE_CODE = YES;
				CLANG_WARN__DUPLICATE_METHOD_MATCH = YES;
				COPY_PHASE_STRIP = NO;
				DEBUG_INFORMATION_FORMAT = dwarf;
				ENABLE_STRICT_OBJC_MSGSEND = YES;
				ENABLE_TESTABILITY = YES;
				GCC_C_LANGUAGE_STANDARD = gnu11;
				GCC_DYNAMIC_NO_PIC = NO;
				GCC_NO_COMMON_BLOCKS = YES;
				GCC_OPTIMIZATION_LEVEL = 0;
				GCC_PREPROCESSOR_DEFINITIONS = (
					"DEBUG=1",
					"$(inherited)",
				);
				GCC_WARN_64_TO_32_BIT_CONVERSION = YES;
				GCC_WARN_ABOUT_RETURN_TYPE = YES_ERROR;
				GCC_WARN_UNDECLARED_SELECTOR = YES;
				GCC_WARN_UNINITIALIZED_AUTOS = YES_AGGRESSIVE;
				GCC_WARN_UNUSED_FUNCTION = YES;
				GCC_WARN_UNUSED_VARIABLE = YES;
				IPHONEOS_DEPLOYMENT_TARGET = 14.1;
				MTL_ENABLE_DEBUG_INFO = INCLUDE_SOURCE;
				MTL_FAST_MATH = YES;
				ONLY_ACTIVE_ARCH = YES;
				SDKROOT = iphoneos;
				SWIFT_ACTIVE_COMPILATION_CONDITIONS = DEBUG;
				SWIFT_OPTIMIZATION_LEVEL = "-Onone";
			};
			name = Debug;
		};
		52BBF686257EEF55001858AB /* Release */ = {
			isa = XCBuildConfiguration;
			buildSettings = {
				ALWAYS_SEARCH_USER_PATHS = NO;
				CLANG_ANALYZER_NONNULL = YES;
				CLANG_ANALYZER_NUMBER_OBJECT_CONVERSION = YES_AGGRESSIVE;
				CLANG_CXX_LANGUAGE_STANDARD = "gnu++14";
				CLANG_CXX_LIBRARY = "libc++";
				CLANG_ENABLE_MODULES = YES;
				CLANG_ENABLE_OBJC_ARC = YES;
				CLANG_ENABLE_OBJC_WEAK = YES;
				CLANG_WARN_BLOCK_CAPTURE_AUTORELEASING = YES;
				CLANG_WARN_BOOL_CONVERSION = YES;
				CLANG_WARN_COMMA = YES;
				CLANG_WARN_CONSTANT_CONVERSION = YES;
				CLANG_WARN_DEPRECATED_OBJC_IMPLEMENTATIONS = YES;
				CLANG_WARN_DIRECT_OBJC_ISA_USAGE = YES_ERROR;
				CLANG_WARN_DOCUMENTATION_COMMENTS = YES;
				CLANG_WARN_EMPTY_BODY = YES;
				CLANG_WARN_ENUM_CONVERSION = YES;
				CLANG_WARN_INFINITE_RECURSION = YES;
				CLANG_WARN_INT_CONVERSION = YES;
				CLANG_WARN_NON_LITERAL_NULL_CONVERSION = YES;
				CLANG_WARN_OBJC_IMPLICIT_RETAIN_SELF = YES;
				CLANG_WARN_OBJC_LITERAL_CONVERSION = YES;
				CLANG_WARN_OBJC_ROOT_CLASS = YES_ERROR;
				CLANG_WARN_QUOTED_INCLUDE_IN_FRAMEWORK_HEADER = YES;
				CLANG_WARN_RANGE_LOOP_ANALYSIS = YES;
				CLANG_WARN_STRICT_PROTOTYPES = YES;
				CLANG_WARN_SUSPICIOUS_MOVE = YES;
				CLANG_WARN_UNGUARDED_AVAILABILITY = YES_AGGRESSIVE;
				CLANG_WARN_UNREACHABLE_CODE = YES;
				CLANG_WARN__DUPLICATE_METHOD_MATCH = YES;
				COPY_PHASE_STRIP = NO;
				DEBUG_INFORMATION_FORMAT = "dwarf-with-dsym";
				ENABLE_NS_ASSERTIONS = NO;
				ENABLE_STRICT_OBJC_MSGSEND = YES;
				GCC_C_LANGUAGE_STANDARD = gnu11;
				GCC_NO_COMMON_BLOCKS = YES;
				GCC_WARN_64_TO_32_BIT_CONVERSION = YES;
				GCC_WARN_ABOUT_RETURN_TYPE = YES_ERROR;
				GCC_WARN_UNDECLARED_SELECTOR = YES;
				GCC_WARN_UNINITIALIZED_AUTOS = YES_AGGRESSIVE;
				GCC_WARN_UNUSED_FUNCTION = YES;
				GCC_WARN_UNUSED_VARIABLE = YES;
				IPHONEOS_DEPLOYMENT_TARGET = 14.1;
				MTL_ENABLE_DEBUG_INFO = NO;
				MTL_FAST_MATH = YES;
				SDKROOT = iphoneos;
				SWIFT_COMPILATION_MODE = wholemodule;
				SWIFT_OPTIMIZATION_LEVEL = "-O";
				VALIDATE_PRODUCT = YES;
			};
			name = Release;
		};
		52BBF688257EEF55001858AB /* Debug */ = {
			isa = XCBuildConfiguration;
			buildSettings = {
				ASSETCATALOG_COMPILER_APPICON_NAME = AppIcon;
				ASSETCATALOG_COMPILER_GLOBAL_ACCENT_COLOR_NAME = AccentColor;
				CODE_SIGN_STYLE = Automatic;
				DEVELOPMENT_TEAM = 2Z6JF4HPFL;
				INFOPLIST_FILE = "Car Controller/Info.plist";
				LD_RUNPATH_SEARCH_PATHS = (
					"$(inherited)",
					"@executable_path/Frameworks",
				);
				PRODUCT_BUNDLE_IDENTIFIER = "Home.Car-Controller";
				PRODUCT_NAME = "$(TARGET_NAME)";
				SWIFT_VERSION = 5.0;
				TARGETED_DEVICE_FAMILY = "1,2";
			};
			name = Debug;
		};
		52BBF689257EEF55001858AB /* Release */ = {
			isa = XCBuildConfiguration;
			buildSettings = {
				ASSETCATALOG_COMPILER_APPICON_NAME = AppIcon;
				ASSETCATALOG_COMPILER_GLOBAL_ACCENT_COLOR_NAME = AccentColor;
				CODE_SIGN_STYLE = Automatic;
				DEVELOPMENT_TEAM = 2Z6JF4HPFL;
				INFOPLIST_FILE = "Car Controller/Info.plist";
				LD_RUNPATH_SEARCH_PATHS = (
					"$(inherited)",
					"@executable_path/Frameworks",
				);
				PRODUCT_BUNDLE_IDENTIFIER = "Home.Car-Controller";
				PRODUCT_NAME = "$(TARGET_NAME)";
				SWIFT_VERSION = 5.0;
				TARGETED_DEVICE_FAMILY = "1,2";
			};
			name = Release;
		};
/* End XCBuildConfiguration section */

/* Begin XCConfigurationList section */
		52BBF66E257EEF54001858AB /* Build configuration list for PBXProject "Car Controller" */ = {
			isa = XCConfigurationList;
			buildConfigurations = (
				52BBF685257EEF55001858AB /* Debug */,
				52BBF686257EEF55001858AB /* Release */,
			);
			defaultConfigurationIsVisible = 0;
			defaultConfigurationName = Release;
		};
		52BBF687257EEF55001858AB /* Build configuration list for PBXNativeTarget "Car Controller" */ = {
			isa = XCConfigurationList;
			buildConfigurations = (
				52BBF688257EEF55001858AB /* Debug */,
				52BBF689257EEF55001858AB /* Release */,
			);
			defaultConfigurationIsVisible = 0;
			defaultConfigurationName = Release;
		};
/* End XCConfigurationList section */
	};
	rootObject = 52BBF66B257EEF54001858AB /* Project object */;
}
